hash: 07ec10955e03bccfce592c85d28829b8192c435e94f069ceb0c15be8713d0c62
updated: 2017-04-20T17:40:18.2130627+09:00
imports:
- name: github.com/kamichidu/go-jclass
  version: de332bb2d91be78f18d6202e5ec2eb163fc6795e
  subpackages:
  - encoding/jvms
  - jvms
- name: github.com/kr/pretty
  version: cfb55aafdaf3ec08f0db22699ab822c50091b1c4
- name: github.com/kr/text
  version: 7cafcd837844e784b526369c9bce262804aebc60
- name: github.com/mattn/go-isatty
  version: fc9e8d8ef48496124e79ae0df75490096eccf6fe
- name: golang.org/x/sys
  version: f3918c30c5c2cb527c0b071a27c35120a6c0719a
  subpackages:
  - unix
testImports: []
